
Microsoft Visual Studio Solution File, Format Version 12.00
# Visual Studio 14
VisualStudioVersion = 14.0.24720.0
MinimumVisualStudioVersion = 10.0.40219.1
Project("{8BC9CEB8-8B4A-11D0-8D11-00A0C91BC942}") = "StarTraveller", "StarTraveller\StarTraveller.vcxproj", "{BA0E0E19-3745-4C73-9F5F-EC824026A09B}"
EndProject
Project("{888888A0-9F3D-457C-B088-3A5042F75D52}") = "generateSourceForSubmit", "generateSourceForSubmit\GenerateSourceForSubmit.pyproj", "{1C5976C8-8E15-4A21-9FCD-A3A2FC1DF5A3}"
EndProject
Global
	GlobalSection(SolutionConfigurationPlatforms) = preSolution
		Debug|Any CPU = Debug|Any CPU
		Debug|x64 = Debug|x64
		Debug|x86 = Debug|x86
		Release|Any CPU = Release|Any CPU
		Release|x64 = Release|x64
		Release|x86 = Release|x86
	EndGlobalSection
	GlobalSection(ProjectConfigurationPlatforms) = postSolution
		{BA0E0E19-3745-4C73-9F5F-EC824026A09B}.Debug|Any CPU.ActiveCfg = Debug|Win32
		{BA0E0E19-3745-4C73-9F5F-EC824026A09B}.Debug|x64.ActiveCfg = Debug|x64
		{BA0E0E19-3745-4C73-9F5F-EC824026A09B}.Debug|x64.Build.0 = Debug|x64
		{BA0E0E19-3745-4C73-9F5F-EC824026A09B}.Debug|x86.ActiveCfg = Debug|Win32
		{BA0E0E19-3745-4C73-9F5F-EC824026A09B}.Debug|x86.Build.0 = Debug|Win32
		{BA0E0E19-3745-4C73-9F5F-EC824026A09B}.Release|Any CPU.ActiveCfg = Release|Win32
		{BA0E0E19-3745-4C73-9F5F-EC824026A09B}.Release|x64.ActiveCfg = Release|x64
		{BA0E0E19-3745-4C73-9F5F-EC824026A09B}.Release|x64.Build.0 = Release|x64
		{BA0E0E19-3745-4C73-9F5F-EC824026A09B}.Release|x86.ActiveCfg = Release|Win32
		{BA0E0E19-3745-4C73-9F5F-EC824026A09B}.Release|x86.Build.0 = Release|Win32
		{1C5976C8-8E15-4A21-9FCD-A3A2FC1DF5A3}.Debug|Any CPU.ActiveCfg = Debug|Any CPU
		{1C5976C8-8E15-4A21-9FCD-A3A2FC1DF5A3}.Debug|x64.ActiveCfg = Debug|Any CPU
		{1C5976C8-8E15-4A21-9FCD-A3A2FC1DF5A3}.Debug|x86.ActiveCfg = Debug|Any CPU
		{1C5976C8-8E15-4A21-9FCD-A3A2FC1DF5A3}.Release|Any CPU.ActiveCfg = Release|Any CPU
		{1C5976C8-8E15-4A21-9FCD-A3A2FC1DF5A3}.Release|x64.ActiveCfg = Release|Any CPU
		{1C5976C8-8E15-4A21-9FCD-A3A2FC1DF5A3}.Release|x86.ActiveCfg = Release|Any CPU
	EndGlobalSection
	GlobalSection(SolutionProperties) = preSolution
		HideSolutionNode = FALSE
	EndGlobalSection
EndGlobal
